
Microsoft Visual Studio Solution File, Format Version 11.00
# Visual Studio 2010
Project("{FAE04EC0-301F-11D3-BF4B-00C04F79EFBC}") = "Assembly-CSharp", "Assembly-CSharp.csproj", "{3E323DD2-49ED-E2F0-15F8-BCE1BF9E6EA3}"
EndProject
Project("{FAE04EC0-301F-11D3-BF4B-00C04F79EFBC}") = "Assembly-CSharp-Editor-firstpass", "Assembly-CSharp-Editor-firstpass.csproj", "{30FF75FB-7E1A-9C7B-08B1-86FC9E83E68A}"
EndProject
Project("{FAE04EC0-301F-11D3-BF4B-00C04F79EFBC}") = "Assembly-CSharp-Editor", "Assembly-CSharp-Editor.csproj", "{2F712647-E814-CF38-17F4-9C945A7EA354}"
EndProject
Global
	GlobalSection(SolutionConfigurationPlatforms) = preSolution
		Debug|Any CPU = Debug|Any CPU
		Release|Any CPU = Release|Any CPU
	EndGlobalSection
	GlobalSection(ProjectConfigurationPlatforms) = postSolution
		{3E323DD2-49ED-E2F0-15F8-BCE1BF9E6EA3}.Debug|Any CPU.ActiveCfg = Debug|Any CPU
		{3E323DD2-49ED-E2F0-15F8-BCE1BF9E6EA3}.Debug|Any CPU.Build.0 = Debug|Any CPU
		{3E323DD2-49ED-E2F0-15F8-BCE1BF9E6EA3}.Release|Any CPU.ActiveCfg = Release|Any CPU
		{3E323DD2-49ED-E2F0-15F8-BCE1BF9E6EA3}.Release|Any CPU.Build.0 = Release|Any CPU
		{30FF75FB-7E1A-9C7B-08B1-86FC9E83E68A}.Debug|Any CPU.ActiveCfg = Debug|Any CPU
		{30FF75FB-7E1A-9C7B-08B1-86FC9E83E68A}.Debug|Any CPU.Build.0 = Debug|Any CPU
		{30FF75FB-7E1A-9C7B-08B1-86FC9E83E68A}.Release|Any CPU.ActiveCfg = Release|Any CPU
		{30FF75FB-7E1A-9C7B-08B1-86FC9E83E68A}.Release|Any CPU.Build.0 = Release|Any CPU
		{2F712647-E814-CF38-17F4-9C945A7EA354}.Debug|Any CPU.ActiveCfg = Debug|Any CPU
		{2F712647-E814-CF38-17F4-9C945A7EA354}.Debug|Any CPU.Build.0 = Debug|Any CPU
		{2F712647-E814-CF38-17F4-9C945A7EA354}.Release|Any CPU.ActiveCfg = Release|Any CPU
		{2F712647-E814-CF38-17F4-9C945A7EA354}.Release|Any CPU.Build.0 = Release|Any CPU
	EndGlobalSection
	GlobalSection(SolutionProperties) = preSolution
		HideSolutionNode = FALSE
	EndGlobalSection
EndGlobal
